
Microsoft Visual Studio Solution File, Format Version 12.00
# Visual Studio Version 17
VisualStudioVersion = 17.10.35013.160
MinimumVisualStudioVersion = 10.0.40219.1
Project("{FAE04EC0-301F-11D3-BF4B-00C04F79EFBC}") = "wpf_StackPanel", "wpf_StackPanel\wpf_StackPanel.csproj", "{CA4D3FC2-B41E-4C39-B06F-4C9655A38AC2}"
EndProject
Global
	GlobalSection(SolutionConfigurationPlatforms) = preSolution
		Debug|Any CPU = Debug|Any CPU
		Release|Any CPU = Release|Any CPU
	EndGlobalSection
	GlobalSection(ProjectConfigurationPlatforms) = postSolution
		{CA4D3FC2-B41E-4C39-B06F-4C9655A38AC2}.Debug|Any CPU.ActiveCfg = Debug|Any CPU
		{CA4D3FC2-B41E-4C39-B06F-4C9655A38AC2}.Debug|Any CPU.Build.0 = Debug|Any CPU
		{CA4D3FC2-B41E-4C39-B06F-4C9655A38AC2}.Release|Any CPU.ActiveCfg = Release|Any CPU
		{CA4D3FC2-B41E-4C39-B06F-4C9655A38AC2}.Release|Any CPU.Build.0 = Release|Any CPU
	EndGlobalSection
	GlobalSection(SolutionProperties) = preSolution
		HideSolutionNode = FALSE
	EndGlobalSection
	GlobalSection(ExtensibilityGlobals) = postSolution
		SolutionGuid = {E74C55DE-ED84-4CC8-AADE-81ECC16145DA}
	EndGlobalSection
EndGlobal
